<Solution>
  <Folder Name="/Solution Items/">
    <File Path=".gitignore" />
    <File Path="LICENSE.md" />
    <File Path="NuGet.config" />
    <File Path="README.md" />
  </Folder>
  <Folder Name="/Tests/">
    <Project Path="MsOrNUnitToXunitConverter.Tests/MsOrNUnitToXunitConverter.Tests.csproj" />
    <Project Path="MsTestsToNunit.Tests/MsTestsToNunit.Tests.csproj" />
  </Folder>
  <Project Path="ConversionClassLibrary/ConversionClassLibrary.csproj" Id="6d9de995-4614-460f-bac9-56559f80f072" />
  <Project Path="MsOrNUnitToXunitConverter/MsOrNUnitToXunitConverter.csproj" />
  <Project Path="ProjectsLibrary/ProjectsLibrary.csproj" Id="cbc612dc-4757-4146-9f71-efaea6b0c46b" />
</Solution>
