<Solution>
  <Folder Name="/Solution Items/">
    <File Path=".gitignore" />
    <File Path="CLAUDE.md" />
    <File Path="Directory.Build.Props" />
    <File Path="Directory.NuGet.props" />
    <File Path="LICENSE.md" />
    <File Path="NuGet.config" />
    <File Path="README.md" />
  </Folder>
  <Folder Name="/Tests/">
    <Project Path="MsOrNUnitToXunitConverter.Tests/MsOrNUnitToXunitConverter.Tests.csproj" />
  </Folder>
  <Project Path="ConversionClassLibrary/ConversionClassLibrary.csproj" />
  <Project Path="MsOrNUnitToXUnitConverter/MsOrNUnitToXunitConverter.csproj" />
  <Project Path="MsOrNUnitToXunitConverter.Mcp/MsOrNUnitToXunitConverter.Mcp.csproj" />
  <Project Path="ProjectsLibrary/ProjectsLibrary.csproj" />
</Solution>
